
Microsoft Visual Studio Solution File, Format Version 12.00
# Visual Studio Version 17
VisualStudioVersion = 17.9.34616.47
MinimumVisualStudioVersion = 10.0.40219.1
Project("{FAE04EC0-301F-11D3-BF4B-00C04F79EFBC}") = "1322 Lab 6", "1322 Lab 6.csproj", "{C0AF11AE-F26B-4183-B3A0-3C4122871EBC}"
EndProject
Global
	GlobalSection(SolutionConfigurationPlatforms) = preSolution
		Debug|Any CPU = Debug|Any CPU
		Release|Any CPU = Release|Any CPU
	EndGlobalSection
	GlobalSection(ProjectConfigurationPlatforms) = postSolution
		{C0AF11AE-F26B-4183-B3A0-3C4122871EBC}.Debug|Any CPU.ActiveCfg = Debug|Any CPU
		{C0AF11AE-F26B-4183-B3A0-3C4122871EBC}.Debug|Any CPU.Build.0 = Debug|Any CPU
		{C0AF11AE-F26B-4183-B3A0-3C4122871EBC}.Release|Any CPU.ActiveCfg = Release|Any CPU
		{C0AF11AE-F26B-4183-B3A0-3C4122871EBC}.Release|Any CPU.Build.0 = Release|Any CPU
	EndGlobalSection
	GlobalSection(SolutionProperties) = preSolution
		HideSolutionNode = FALSE
	EndGlobalSection
	GlobalSection(ExtensibilityGlobals) = postSolution
		SolutionGuid = {864AFDB5-0933-4F26-9B4D-2FA6019DCFAE}
	EndGlobalSection
EndGlobal
